PODS:
  - Alamofire (5.9.1)
  - Kingfisher (7.11.0)
  - lottie-ios (4.4.3)
  - SDWebImage (5.19.1):
    - SDWebImage/Core (= 5.19.1)
  - SDWebImage/Core (5.19.1)
  - SplashScreen (1.0.0)
  - SwiftyOnboard (1.4.0)

DEPENDENCIES:
  - Alamofire
  - Kingfisher
  - lottie-ios
  - SDWebImage
  - SplashScreen
  - SwiftyOnboard

SPEC REPOS:
  trunk:
    - Alamofire
    - Kingfisher
    - lottie-ios
    - SDWebImage
    - SplashScreen
    - SwiftyOnboard

SPEC CHECKSUMS:
  Alamofire: f36a35757af4587d8e4f4bfa223ad10be2422b8c
  Kingfisher: b9c985d864d43515f404f1ef4a8ce7d802ace3ac
  lottie-ios: fcb5e73e17ba4c983140b7d21095c834b3087418
  SDWebImage: 40b0b4053e36c660a764958bff99eed16610acbb
  SplashScreen: 122b2edd44650cb8c2075249446151ee9dc30025
  SwiftyOnboard: 76a648dc1dcbc844343b6b95fe5883cb64a62f4a

PODFILE CHECKSUM: b7bb4670d52022b5b19b9599f1f3aae4c37db34a

COCOAPODS: 1.15.2
